
Microsoft Visual Studio Solution File, Format Version 12.00
# Visual Studio Version 17
VisualStudioVersion = 17.0.31903.59
MinimumVisualStudioVersion = 10.0.40219.1
Project("{FAE04EC0-301F-11D3-BF4B-00C04F79EFBC}") = "monolithsvc", "monolithsvc\monolithsvc.csproj", "{53A4343A-3948-4653-B7A8-8BC7FB87582C}"
EndProject
Project("{FAE04EC0-301F-11D3-BF4B-00C04F79EFBC}") = "monolithsvc.PlaywrightTests", "monolithsvc.PlaywrightTests\monolithsvc.PlaywrightTests.csproj", "{23DE3374-4102-4BE2-B9D9-20640F6F4767}"
EndProject
Project("{FAE04EC0-301F-11D3-BF4B-00C04F79EFBC}") = "monolithsvc.Tests", "monolithsvc.Tests\monolithsvc.Tests.csproj", "{2527D4E1-5968-450C-B723-E96EA70DE814}"
EndProject
Global
	GlobalSection(SolutionConfigurationPlatforms) = preSolution
		Debug|Any CPU = Debug|Any CPU
		Release|Any CPU = Release|Any CPU
	EndGlobalSection
	GlobalSection(SolutionProperties) = preSolution
		HideSolutionNode = FALSE
	EndGlobalSection
	GlobalSection(ProjectConfigurationPlatforms) = postSolution
		{53A4343A-3948-4653-B7A8-8BC7FB87582C}.Debug|Any CPU.ActiveCfg = Debug|Any CPU
		{53A4343A-3948-4653-B7A8-8BC7FB87582C}.Debug|Any CPU.Build.0 = Debug|Any CPU
		{53A4343A-3948-4653-B7A8-8BC7FB87582C}.Release|Any CPU.ActiveCfg = Release|Any CPU
		{53A4343A-3948-4653-B7A8-8BC7FB87582C}.Release|Any CPU.Build.0 = Release|Any CPU
		{23DE3374-4102-4BE2-B9D9-20640F6F4767}.Debug|Any CPU.ActiveCfg = Debug|Any CPU
		{23DE3374-4102-4BE2-B9D9-20640F6F4767}.Debug|Any CPU.Build.0 = Debug|Any CPU
		{23DE3374-4102-4BE2-B9D9-20640F6F4767}.Release|Any CPU.ActiveCfg = Release|Any CPU
		{23DE3374-4102-4BE2-B9D9-20640F6F4767}.Release|Any CPU.Build.0 = Release|Any CPU
		{2527D4E1-5968-450C-B723-E96EA70DE814}.Debug|Any CPU.ActiveCfg = Debug|Any CPU
		{2527D4E1-5968-450C-B723-E96EA70DE814}.Debug|Any CPU.Build.0 = Debug|Any CPU
		{2527D4E1-5968-450C-B723-E96EA70DE814}.Release|Any CPU.ActiveCfg = Release|Any CPU
		{2527D4E1-5968-450C-B723-E96EA70DE814}.Release|Any CPU.Build.0 = Release|Any CPU
	EndGlobalSection
EndGlobal
